
Microsoft Visual Studio Solution File, Format Version 12.00
Project("{FAE04EC0-301F-11D3-BF4B-00C04F79EFBC}") = "Staat", "Staat\Staat.csproj", "{7092435D-ADFC-4823-9F9C-65148E836A73}"
EndProject
Project("{FAE04EC0-301F-11D3-BF4B-00C04F79EFBC}") = "Staat.Migrations.SqlServer", "Staat.Migrations.SqlServer\Staat.Migrations.SqlServer.csproj", "{35129A24-59BA-439F-AEA5-26BC70F1D8DD}"
EndProject
Project("{FAE04EC0-301F-11D3-BF4B-00C04F79EFBC}") = "Staat.Data", "Staat.Data\Staat.Data.csproj", "{70CF57B9-D4D8-4F42-8BD3-AB2E0F511421}"
EndProject
Project("{FAE04EC0-301F-11D3-BF4B-00C04F79EFBC}") = "Staat.Migrations.PostgresSql", "Staat.Migrations.PostgresSql\Staat.Migrations.PostgresSql.csproj", "{0C3CA4D4-0F0D-41FE-B99C-711864B2CAC9}"
EndProject
Global
	GlobalSection(SolutionConfigurationPlatforms) = preSolution
		Debug|Any CPU = Debug|Any CPU
		Release|Any CPU = Release|Any CPU
	EndGlobalSection
	GlobalSection(ProjectConfigurationPlatforms) = postSolution
		{7092435D-ADFC-4823-9F9C-65148E836A73}.Debug|Any CPU.ActiveCfg = Debug|Any CPU
		{7092435D-ADFC-4823-9F9C-65148E836A73}.Debug|Any CPU.Build.0 = Debug|Any CPU
		{7092435D-ADFC-4823-9F9C-65148E836A73}.Release|Any CPU.ActiveCfg = Release|Any CPU
		{7092435D-ADFC-4823-9F9C-65148E836A73}.Release|Any CPU.Build.0 = Release|Any CPU
		{35129A24-59BA-439F-AEA5-26BC70F1D8DD}.Debug|Any CPU.ActiveCfg = Debug|Any CPU
		{35129A24-59BA-439F-AEA5-26BC70F1D8DD}.Debug|Any CPU.Build.0 = Debug|Any CPU
		{35129A24-59BA-439F-AEA5-26BC70F1D8DD}.Release|Any CPU.ActiveCfg = Release|Any CPU
		{35129A24-59BA-439F-AEA5-26BC70F1D8DD}.Release|Any CPU.Build.0 = Release|Any CPU
		{70CF57B9-D4D8-4F42-8BD3-AB2E0F511421}.Debug|Any CPU.ActiveCfg = Debug|Any CPU
		{70CF57B9-D4D8-4F42-8BD3-AB2E0F511421}.Debug|Any CPU.Build.0 = Debug|Any CPU
		{70CF57B9-D4D8-4F42-8BD3-AB2E0F511421}.Release|Any CPU.ActiveCfg = Release|Any CPU
		{70CF57B9-D4D8-4F42-8BD3-AB2E0F511421}.Release|Any CPU.Build.0 = Release|Any CPU
		{0C3CA4D4-0F0D-41FE-B99C-711864B2CAC9}.Debug|Any CPU.ActiveCfg = Debug|Any CPU
		{0C3CA4D4-0F0D-41FE-B99C-711864B2CAC9}.Debug|Any CPU.Build.0 = Debug|Any CPU
		{0C3CA4D4-0F0D-41FE-B99C-711864B2CAC9}.Release|Any CPU.ActiveCfg = Release|Any CPU
		{0C3CA4D4-0F0D-41FE-B99C-711864B2CAC9}.Release|Any CPU.Build.0 = Release|Any CPU
	EndGlobalSection
EndGlobal
